// !$*UTF8*$!
{
	archiveVersion = 1;
	classes = {
	};
	objectVersion = 46;
	objects = {

/* Begin PBXBuildFile section */
		46186FF719ECBFE6008881D6 /* main.m in Sources */ = {isa = PBXBuildFile; fileRef = 46186FF619ECBFE6008881D6 /* main.m */; };
		46186FFA19ECBFE6008881D6 /* AppDelegate.m in Sources */ = {isa = PBXBuildFile; fileRef = 46186FF919ECBFE6008881D6 /* AppDelegate.m */; };
		46186FFD19ECBFE6008881D6 /* ViewController.m in Sources */ = {isa = PBXBuildFile; fileRef = 46186FFC19ECBFE6008881D6 /* ViewController.m */; };
		4618700019ECBFE6008881D6 /* Main.storyboard in Resources */ = {isa = PBXBuildFile; fileRef = 46186FFE19ECBFE6008881D6 /* Main.storyboard */; };
		4618700219ECBFE6008881D6 /* Images.xcassets in Resources */ = {isa = PBXBuildFile; fileRef = 4618700119ECBFE6008881D6 /* Images.xcassets */; };
		4618700519ECBFE6008881D6 /* LaunchScreen.xib in Resources */ = {isa = PBXBuildFile; fileRef = 4618700319ECBFE6008881D6 /* LaunchScreen.xib */; };
		4618701119ECBFE6008881D6 /* faceDetectingTests.m in Sources */ = {isa = PBXBuildFile; fileRef = 4618701019ECBFE6008881D6 /* faceDetectingTests.m */; };
		4618701B19ECC007008881D6 /* QuartzCore.framework in Frameworks */ = {isa = PBXBuildFile; fileRef = 4618701A19ECC007008881D6 /* QuartzCore.framework */; };
		4618701D19ECC010008881D6 /* CoreImage.framework in Frameworks */ = {isa = PBXBuildFile; fileRef = 4618701C19ECC010008881D6 /* CoreImage.framework */; };
		4618701F19ECC077008881D6 /* 16.jpeg in Resources */ = {isa = PBXBuildFile; fileRef = 4618701E19ECC077008881D6 /* 16.jpeg */; };
		4618703019ECD1DB008881D6 /* 1.jpeg in Resources */ = {isa = PBXBuildFile; fileRef = 4618702119ECD1DB008881D6 /* 1.jpeg */; };
		4618703119ECD1DB008881D6 /* 2.jpeg in Resources */ = {isa = PBXBuildFile; fileRef = 4618702219ECD1DB008881D6 /* 2.jpeg */; };
		4618703219ECD1DB008881D6 /* 10.jpeg in Resources */ = {isa = PBXBuildFile; fileRef = 4618702319ECD1DB008881D6 /* 10.jpeg */; };
		4618703319ECD1DB008881D6 /* 6.jpeg in Resources */ = {isa = PBXBuildFile; fileRef = 4618702419ECD1DB008881D6 /* 6.jpeg */; };
		4618703419ECD1DB008881D6 /* 7.jpeg in Resources */ = {isa = PBXBuildFile; fileRef = 4618702519ECD1DB008881D6 /* 7.jpeg */; };
		4618703519ECD1DB008881D6 /* 8.jpeg in Resources */ = {isa = PBXBuildFile; fileRef = 4618702619ECD1DB008881D6 /* 8.jpeg */; };
		4618703619ECD1DB008881D6 /* 11.jpeg in Resources */ = {isa = PBXBuildFile; fileRef = 4618702719ECD1DB008881D6 /* 11.jpeg */; };
		4618703719ECD1DB008881D6 /* 9.jpeg in Resources */ = {isa = PBXBuildFile; fileRef = 4618702819ECD1DB008881D6 /* 9.jpeg */; };
		4618703819ECD1DB008881D6 /* 12.jpeg in Resources */ = {isa = PBXBuildFile; fileRef = 4618702919ECD1DB008881D6 /* 12.jpeg */; };
		4618703919ECD1DB008881D6 /* 4.jpeg in Resources */ = {isa = PBXBuildFile; fileRef = 4618702A19ECD1DB008881D6 /* 4.jpeg */; };
		4618703A19ECD1DB008881D6 /* 5.jpeg in Resources */ = {isa = PBXBuildFile; fileRef = 4618702B19ECD1DB008881D6 /* 5.jpeg */; };
		4618703B19ECD1DB008881D6 /* 3.jpeg in Resources */ = {isa = PBXBuildFile; fileRef = 4618702C19ECD1DB008881D6 /* 3.jpeg */; };
		4618703C19ECD1DB008881D6 /* 13.jpeg in Resources */ = {isa = PBXBuildFile; fileRef = 4618702D19ECD1DB008881D6 /* 13.jpeg */; };
		4618703D19ECD1DB008881D6 /* 14.jpeg in Resources */ = {isa = PBXBuildFile; fileRef = 4618702E19ECD1DB008881D6 /* 14.jpeg */; };
		4618703E19ECD1DB008881D6 /* 15.jpeg in Resources */ = {isa = PBXBuildFile; fileRef = 4618702F19ECD1DB008881D6 /* 15.jpeg */; };
		4618704519ECD209008881D6 /* g1.jpeg in Resources */ = {isa = PBXBuildFile; fileRef = 4618704019ECD209008881D6 /* g1.jpeg */; };
		4618704619ECD209008881D6 /* g5.jpeg in Resources */ = {isa = PBXBuildFile; fileRef = 4618704119ECD209008881D6 /* g5.jpeg */; };
		4618704719ECD209008881D6 /* g2.jpeg in Resources */ = {isa = PBXBuildFile; fileRef = 4618704219ECD209008881D6 /* g2.jpeg */; };
		4618704819ECD209008881D6 /* g3.jpeg in Resources */ = {isa = PBXBuildFile; fileRef = 4618704319ECD209008881D6 /* g3.jpeg */; };
		4618704919ECD209008881D6 /* g4.jpeg in Resources */ = {isa = PBXBuildFile; fileRef = 4618704419ECD209008881D6 /* g4.jpeg */; };
		4618704E19ECE08C008881D6 /* 18.jpeg in Resources */ = {isa = PBXBuildFile; fileRef = 4618704A19ECE08C008881D6 /* 18.jpeg */; };
		4618704F19ECE08C008881D6 /* 20.jpeg in Resources */ = {isa = PBXBuildFile; fileRef = 4618704B19ECE08C008881D6 /* 20.jpeg */; };
		4618705019ECE08C008881D6 /* 19.jpeg in Resources */ = {isa = PBXBuildFile; fileRef = 4618704C19ECE08C008881D6 /* 19.jpeg */; };
		4618705119ECE08C008881D6 /* 17.jpeg in Resources */ = {isa = PBXBuildFile; fileRef = 4618704D19ECE08C008881D6 /* 17.jpeg */; };
/* End PBXBuildFile section */

/* Begin PBXContainerItemProxy section */
		4618700B19ECBFE6008881D6 /* PBXContainerItemProxy */ = {
			isa = PBXContainerItemProxy;
			containerPortal = 46186FE919ECBFE6008881D6 /* Project object */;
			proxyType = 1;
			remoteGlobalIDString = 46186FF019ECBFE6008881D6;
			remoteInfo = faceDetecting;
		};
/* End PBXContainerItemProxy section */

/* Begin PBXFileReference section */
		46186FF119ECBFE6008881D6 /* faceDetecting.app */ = {isa = PBXFileReference; explicitFileType = wrapper.application; includeInIndex = 0; path = faceDetecting.app; sourceTree = BUILT_PRODUCTS_DIR; };
		46186FF519ECBFE6008881D6 /* Info.plist */ = {isa = PBXFileReference; lastKnownFileType = text.plist.xml; path = Info.plist; sourceTree = "<group>"; };
		46186FF619ECBFE6008881D6 /* main.m */ = {isa = PBXFileReference; lastKnownFileType = sourcecode.c.objc; path = main.m; sourceTree = "<group>"; };
		46186FF819ECBFE6008881D6 /* AppDelegate.h */ = {isa = PBXFileReference; lastKnownFileType = sourcecode.c.h; path = AppDelegate.h; sourceTree = "<group>"; };
		46186FF919ECBFE6008881D6 /* AppDelegate.m */ = {isa = PBXFileReference; lastKnownFileType = sourcecode.c.objc; path = AppDelegate.m; sourceTree = "<group>"; };
		46186FFB19ECBFE6008881D6 /* ViewController.h */ = {isa = PBXFileReference; lastKnownFileType = sourcecode.c.h; path = ViewController.h; sourceTree = "<group>"; };
		46186FFC19ECBFE6008881D6 /* ViewController.m */ = {isa = PBXFileReference; lastKnownFileType = sourcecode.c.objc; path = ViewController.m; sourceTree = "<group>"; };
		46186FFF19ECBFE6008881D6 /* Base */ = {isa = PBXFileReference; lastKnownFileType = file.storyboard; name = Base; path = Base.lproj/Main.storyboard; sourceTree = "<group>"; };
		4618700119ECBFE6008881D6 /* Images.xcassets */ = {isa = PBXFileReference; lastKnownFileType = folder.assetcatalog; path = Images.xcassets; sourceTree = "<group>"; };
		4618700419ECBFE6008881D6 /* Base */ = {isa = PBXFileReference; lastKnownFileType = file.xib; name = Base; path = Base.lproj/LaunchScreen.xib; sourceTree = "<group>"; };
		4618700A19ECBFE6008881D6 /* faceDetectingTests.xctest */ = {isa = PBXFileReference; explicitFileType = wrapper.cfbundle; includeInIndex = 0; path = faceDetectingTests.xctest; sourceTree = BUILT_PRODUCTS_DIR; };
		4618700F19ECBFE6008881D6 /* Info.plist */ = {isa = PBXFileReference; lastKnownFileType = text.plist.xml; path = Info.plist; sourceTree = "<group>"; };
		4618701019ECBFE6008881D6 /* faceDetectingTests.m */ = {isa = PBXFileReference; lastKnownFileType = sourcecode.c.objc; path = faceDetectingTests.m; sourceTree = "<group>"; };
		4618701A19ECC007008881D6 /* QuartzCore.framework */ = {isa = PBXFileReference; lastKnownFileType = wrapper.framework; name = QuartzCore.framework; path = System/Library/Frameworks/QuartzCore.framework; sourceTree = SDKROOT; };
		4618701C19ECC010008881D6 /* CoreImage.framework */ = {isa = PBXFileReference; lastKnownFileType = wrapper.framework; name = CoreImage.framework; path = System/Library/Frameworks/CoreImage.framework; sourceTree = SDKROOT; };
		4618701E19ECC077008881D6 /* 16.jpeg */ = {isa = PBXFileReference; lastKnownFileType = image.jpeg; path = 16.jpeg; sourceTree = "<group>"; };
		4618702119ECD1DB008881D6 /* 1.jpeg */ = {isa = PBXFileReference; lastKnownFileType = image.jpeg; path = 1.jpeg; sourceTree = "<group>"; };
		4618702219ECD1DB008881D6 /* 2.jpeg */ = {isa = PBXFileReference; lastKnownFileType = image.jpeg; path = 2.jpeg; sourceTree = "<group>"; };
		4618702319ECD1DB008881D6 /* 10.jpeg */ = {isa = PBXFileReference; lastKnownFileType = image.jpeg; path = 10.jpeg; sourceTree = "<group>"; };
		4618702419ECD1DB008881D6 /* 6.jpeg */ = {isa = PBXFileReference; lastKnownFileType = image.jpeg; path = 6.jpeg; sourceTree = "<group>"; };
		4618702519ECD1DB008881D6 /* 7.jpeg */ = {isa = PBXFileReference; lastKnownFileType = image.jpeg; path = 7.jpeg; sourceTree = "<group>"; };
		4618702619ECD1DB008881D6 /* 8.jpeg */ = {isa = PBXFileReference; lastKnownFileType = image.jpeg; path = 8.jpeg; sourceTree = "<group>"; };
		4618702719ECD1DB008881D6 /* 11.jpeg */ = {isa = PBXFileReference; lastKnownFileType = image.jpeg; path = 11.jpeg; sourceTree = "<group>"; };
		4618702819ECD1DB008881D6 /* 9.jpeg */ = {isa = PBXFileReference; lastKnownFileType = image.jpeg; path = 9.jpeg; sourceTree = "<group>"; };
		4618702919ECD1DB008881D6 /* 12.jpeg */ = {isa = PBXFileReference; lastKnownFileType = image.jpeg; path = 12.jpeg; sourceTree = "<group>"; };
		4618702A19ECD1DB008881D6 /* 4.jpeg */ = {isa = PBXFileReference; lastKnownFileType = image.jpeg; path = 4.jpeg; sourceTree = "<group>"; };
		4618702B19ECD1DB008881D6 /* 5.jpeg */ = {isa = PBXFileReference; lastKnownFileType = image.jpeg; path = 5.jpeg; sourceTree = "<group>"; };
		4618702C19ECD1DB008881D6 /* 3.jpeg */ = {isa = PBXFileReference; lastKnownFileType = image.jpeg; path = 3.jpeg; sourceTree = "<group>"; };
		4618702D19ECD1DB008881D6 /* 13.jpeg */ = {isa = PBXFileReference; lastKnownFileType = image.jpeg; path = 13.jpeg; sourceTree = "<group>"; };
		4618702E19ECD1DB008881D6 /* 14.jpeg */ = {isa = PBXFileReference; lastKnownFileType = image.jpeg; path = 14.jpeg; sourceTree = "<group>"; };
		4618702F19ECD1DB008881D6 /* 15.jpeg */ = {isa = PBXFileReference; lastKnownFileType = image.jpeg; path = 15.jpeg; sourceTree = "<group>"; };
		4618704019ECD209008881D6 /* g1.jpeg */ = {isa = PBXFileReference; lastKnownFileType = image.jpeg; path = g1.jpeg; sourceTree = "<group>"; };
		4618704119ECD209008881D6 /* g5.jpeg */ = {isa = PBXFileReference; lastKnownFileType = image.jpeg; path = g5.jpeg; sourceTree = "<group>"; };
		4618704219ECD209008881D6 /* g2.jpeg */ = {isa = PBXFileReference; lastKnownFileType = image.jpeg; path = g2.jpeg; sourceTree = "<group>"; };
		4618704319ECD209008881D6 /* g3.jpeg */ = {isa = PBXFileReference; lastKnownFileType = image.jpeg; path = g3.jpeg; sourceTree = "<group>"; };
		4618704419ECD209008881D6 /* g4.jpeg */ = {isa = PBXFileReference; lastKnownFileType = image.jpeg; path = g4.jpeg; sourceTree = "<group>"; };
		4618704A19ECE08C008881D6 /* 18.jpeg */ = {isa = PBXFileReference; lastKnownFileType = image.jpeg; path = 18.jpeg; sourceTree = "<group>"; };
		4618704B19ECE08C008881D6 /* 20.jpeg */ = {isa = PBXFileReference; lastKnownFileType = image.jpeg; path = 20.jpeg; sourceTree = "<group>"; };
		4618704C19ECE08C008881D6 /* 19.jpeg */ = {isa = PBXFileReference; lastKnownFileType = image.jpeg; path = 19.jpeg; sourceTree = "<group>"; };
		4618704D19ECE08C008881D6 /* 17.jpeg */ = {isa = PBXFileReference; lastKnownFileType = image.jpeg; path = 17.jpeg; sourceTree = "<group>"; };
/* End PBXFileReference section */

/* Begin PBXFrameworksBuildPhase section */
		46186FEE19ECBFE6008881D6 /* Frameworks */ = {
			isa = PBXFrameworksBuildPhase;
			buildActionMask = 2147483647;
			files = (
				4618701D19ECC010008881D6 /* CoreImage.framework in Frameworks */,
				4618701B19ECC007008881D6 /* QuartzCore.framework in Frameworks */,
			);
			runOnlyForDeploymentPostprocessing = 0;
		};
		4618700719ECBFE6008881D6 /* Frameworks */ = {
			isa = PBXFrameworksBuildPhase;
			buildActionMask = 2147483647;
			files = (
			);
			runOnlyForDeploymentPostprocessing = 0;
		};
/* End PBXFrameworksBuildPhase section */

/* Begin PBXGroup section */
		46186FE819ECBFE6008881D6 = {
			isa = PBXGroup;
			children = (
				4618703F19ECD1FB008881D6 /* Group faces */,
				4618702019ECD1CF008881D6 /* faces */,
				4618701C19ECC010008881D6 /* CoreImage.framework */,
				4618701A19ECC007008881D6 /* QuartzCore.framework */,
				46186FF319ECBFE6008881D6 /* faceDetecting */,
				4618700D19ECBFE6008881D6 /* faceDetectingTests */,
				46186FF219ECBFE6008881D6 /* Products */,
			);
			sourceTree = "<group>";
		};
		46186FF219ECBFE6008881D6 /* Products */ = {
			isa = PBXGroup;
			children = (
				46186FF119ECBFE6008881D6 /* faceDetecting.app */,
				4618700A19ECBFE6008881D6 /* faceDetectingTests.xctest */,
			);
			name = Products;
			sourceTree = "<group>";
		};
		46186FF319ECBFE6008881D6 /* faceDetecting */ = {
			isa = PBXGroup;
			children = (
				46186FF819ECBFE6008881D6 /* AppDelegate.h */,
				46186FF919ECBFE6008881D6 /* AppDelegate.m */,
				46186FFB19ECBFE6008881D6 /* ViewController.h */,
				46186FFC19ECBFE6008881D6 /* ViewController.m */,
				46186FFE19ECBFE6008881D6 /* Main.storyboard */,
				4618700119ECBFE6008881D6 /* Images.xcassets */,
				4618700319ECBFE6008881D6 /* LaunchScreen.xib */,
				46186FF419ECBFE6008881D6 /* Supporting Files */,
			);
			path = faceDetecting;
			sourceTree = "<group>";
		};
		46186FF419ECBFE6008881D6 /* Supporting Files */ = {
			isa = PBXGroup;
			children = (
				46186FF519ECBFE6008881D6 /* Info.plist */,
				46186FF619ECBFE6008881D6 /* main.m */,
			);
			name = "Supporting Files";
			sourceTree = "<group>";
		};
		4618700D19ECBFE6008881D6 /* faceDetectingTests */ = {
			isa = PBXGroup;
			children = (
				4618701019ECBFE6008881D6 /* faceDetectingTests.m */,
				4618700E19ECBFE6008881D6 /* Supporting Files */,
			);
			path = faceDetectingTests;
			sourceTree = "<group>";
		};
		4618700E19ECBFE6008881D6 /* Supporting Files */ = {
			isa = PBXGroup;
			children = (
				4618700F19ECBFE6008881D6 /* Info.plist */,
			);
			name = "Supporting Files";
			sourceTree = "<group>";
		};
		4618702019ECD1CF008881D6 /* faces */ = {
			isa = PBXGroup;
			children = (
				4618702119ECD1DB008881D6 /* 1.jpeg */,
				4618702219ECD1DB008881D6 /* 2.jpeg */,
				4618702C19ECD1DB008881D6 /* 3.jpeg */,
				4618702A19ECD1DB008881D6 /* 4.jpeg */,
				4618702B19ECD1DB008881D6 /* 5.jpeg */,
				4618702419ECD1DB008881D6 /* 6.jpeg */,
				4618702519ECD1DB008881D6 /* 7.jpeg */,
				4618702619ECD1DB008881D6 /* 8.jpeg */,
				4618702819ECD1DB008881D6 /* 9.jpeg */,
				4618702319ECD1DB008881D6 /* 10.jpeg */,
				4618702719ECD1DB008881D6 /* 11.jpeg */,
				4618702919ECD1DB008881D6 /* 12.jpeg */,
				4618702D19ECD1DB008881D6 /* 13.jpeg */,
				4618702E19ECD1DB008881D6 /* 14.jpeg */,
				4618702F19ECD1DB008881D6 /* 15.jpeg */,
				4618701E19ECC077008881D6 /* 16.jpeg */,
				4618704D19ECE08C008881D6 /* 17.jpeg */,
				4618704A19ECE08C008881D6 /* 18.jpeg */,
				4618704C19ECE08C008881D6 /* 19.jpeg */,
				4618704B19ECE08C008881D6 /* 20.jpeg */,
			);
			name = faces;
			sourceTree = "<group>";
		};
		4618703F19ECD1FB008881D6 /* Group faces */ = {
			isa = PBXGroup;
			children = (
				4618704019ECD209008881D6 /* g1.jpeg */,
				4618704119ECD209008881D6 /* g5.jpeg */,
				4618704219ECD209008881D6 /* g2.jpeg */,
				4618704319ECD209008881D6 /* g3.jpeg */,
				4618704419ECD209008881D6 /* g4.jpeg */,
			);
			name = "Group faces";
			sourceTree = "<group>";
		};
/* End PBXGroup section */

/* Begin PBXNativeTarget section */
		46186FF019ECBFE6008881D6 /* faceDetecting */ = {
			isa = PBXNativeTarget;
			buildConfigurationList = 4618701419ECBFE6008881D6 /* Build configuration list for PBXNativeTarget "faceDetecting" */;
			buildPhases = (
				46186FED19ECBFE6008881D6 /* Sources */,
				46186FEE19ECBFE6008881D6 /* Frameworks */,
				46186FEF19ECBFE6008881D6 /* Resources */,
			);
			buildRules = (
			);
			dependencies = (
			);
			name = faceDetecting;
			productName = faceDetecting;
			productReference = 46186FF119ECBFE6008881D6 /* faceDetecting.app */;
			productType = "com.apple.product-type.application";
		};
		4618700919ECBFE6008881D6 /* faceDetectingTests */ = {
			isa = PBXNativeTarget;
			buildConfigurationList = 4618701719ECBFE6008881D6 /* Build configuration list for PBXNativeTarget "faceDetectingTests" */;
			buildPhases = (
				4618700619ECBFE6008881D6 /* Sources */,
				4618700719ECBFE6008881D6 /* Frameworks */,
				4618700819ECBFE6008881D6 /* Resources */,
			);
			buildRules = (
			);
			dependencies = (
				4618700C19ECBFE6008881D6 /* PBXTargetDependency */,
			);
			name = faceDetectingTests;
			productName = faceDetectingTests;
			productReference = 4618700A19ECBFE6008881D6 /* faceDetectingTests.xctest */;
			productType = "com.apple.product-type.bundle.unit-test";
		};
/* End PBXNativeTarget section */

/* Begin PBXProject section */
		46186FE919ECBFE6008881D6 /* Project object */ = {
			isa = PBXProject;
			attributes = {
				LastUpgradeCheck = 0730;
				ORGANIZATIONNAME = LeHaiNam;
				TargetAttributes = {
					46186FF019ECBFE6008881D6 = {
						CreatedOnToolsVersion = 6.0.1;
					};
					4618700919ECBFE6008881D6 = {
						CreatedOnToolsVersion = 6.0.1;
						TestTargetID = 46186FF019ECBFE6008881D6;
					};
				};
			};
			buildConfigurationList = 46186FEC19ECBFE6008881D6 /* Build configuration list for PBXProject "faceDetecting" */;
			compatibilityVersion = "Xcode 3.2";
			developmentRegion = English;
			hasScannedForEncodings = 0;
			knownRegions = (
				en,
				Base,
			);
			mainGroup = 46186FE819ECBFE6008881D6;
			productRefGroup = 46186FF219ECBFE6008881D6 /* Products */;
			projectDirPath = "";
			projectRoot = "";
			targets = (
				46186FF019ECBFE6008881D6 /* faceDetecting */,
				4618700919ECBFE6008881D6 /* faceDetectingTests */,
			);
		};
/* End PBXProject section */

/* Begin PBXResourcesBuildPhase section */
		46186FEF19ECBFE6008881D6 /* Resources */ = {
			isa = PBXResourcesBuildPhase;
			buildActionMask = 2147483647;
			files = (
				4618704E19ECE08C008881D6 /* 18.jpeg in Resources */,
				4618703D19ECD1DB008881D6 /* 14.jpeg in Resources */,
				4618703819ECD1DB008881D6 /* 12.jpeg in Resources */,
				4618705019ECE08C008881D6 /* 19.jpeg in Resources */,
				4618703519ECD1DB008881D6 /* 8.jpeg in Resources */,
				4618704519ECD209008881D6 /* g1.jpeg in Resources */,
				4618704719ECD209008881D6 /* g2.jpeg in Resources */,
				4618703319ECD1DB008881D6 /* 6.jpeg in Resources */,
				4618704F19ECE08C008881D6 /* 20.jpeg in Resources */,
				4618704919ECD209008881D6 /* g4.jpeg in Resources */,
				4618703419ECD1DB008881D6 /* 7.jpeg in Resources */,
				4618704619ECD209008881D6 /* g5.jpeg in Resources */,
				4618703919ECD1DB008881D6 /* 4.jpeg in Resources */,
				4618703A19ECD1DB008881D6 /* 5.jpeg in Resources */,
				4618704819ECD209008881D6 /* g3.jpeg in Resources */,
				4618703719ECD1DB008881D6 /* 9.jpeg in Resources */,
				4618700019ECBFE6008881D6 /* Main.storyboard in Resources */,
				4618700519ECBFE6008881D6 /* LaunchScreen.xib in Resources */,
				4618703C19ECD1DB008881D6 /* 13.jpeg in Resources */,
				4618703219ECD1DB008881D6 /* 10.jpeg in Resources */,
				4618703619ECD1DB008881D6 /* 11.jpeg in Resources */,
				4618703119ECD1DB008881D6 /* 2.jpeg in Resources */,
				4618700219ECBFE6008881D6 /* Images.xcassets in Resources */,
				4618705119ECE08C008881D6 /* 17.jpeg in Resources */,
				4618703B19ECD1DB008881D6 /* 3.jpeg in Resources */,
				4618701F19ECC077008881D6 /* 16.jpeg in Resources */,
				4618703019ECD1DB008881D6 /* 1.jpeg in Resources */,
				4618703E19ECD1DB008881D6 /* 15.jpeg in Resources */,
			);
			runOnlyForDeploymentPostprocessing = 0;
		};
		4618700819ECBFE6008881D6 /* Resources */ = {
			isa = PBXResourcesBuildPhase;
			buildActionMask = 2147483647;
			files = (
			);
			runOnlyForDeploymentPostprocessing = 0;
		};
/* End PBXResourcesBuildPhase section */

/* Begin PBXSourcesBuildPhase section */
		46186FED19ECBFE6008881D6 /* Sources */ = {
			isa = PBXSourcesBuildPhase;
			buildActionMask = 2147483647;
			files = (
				46186FFD19ECBFE6008881D6 /* ViewController.m in Sources */,
				46186FFA19ECBFE6008881D6 /* AppDelegate.m in Sources */,
				46186FF719ECBFE6008881D6 /* main.m in Sources */,
			);
			runOnlyForDeploymentPostprocessing = 0;
		};
		4618700619ECBFE6008881D6 /* Sources */ = {
			isa = PBXSourcesBuildPhase;
			buildActionMask = 2147483647;
			files = (
				4618701119ECBFE6008881D6 /* faceDetectingTests.m in Sources */,
			);
			runOnlyForDeploymentPostprocessing = 0;
		};
/* End PBXSourcesBuildPhase section */

/* Begin PBXTargetDependency section */
		4618700C19ECBFE6008881D6 /* PBXTargetDependency */ = {
			isa = PBXTargetDependency;
			target = 46186FF019ECBFE6008881D6 /* faceDetecting */;
			targetProxy = 4618700B19ECBFE6008881D6 /* PBXContainerItemProxy */;
		};
/* End PBXTargetDependency section */

/* Begin PBXVariantGroup section */
		46186FFE19ECBFE6008881D6 /* Main.storyboard */ = {
			isa = PBXVariantGroup;
			children = (
				46186FFF19ECBFE6008881D6 /* Base */,
			);
			name = Main.storyboard;
			sourceTree = "<group>";
		};
		4618700319ECBFE6008881D6 /* LaunchScreen.xib */ = {
			isa = PBXVariantGroup;
			children = (
				4618700419ECBFE6008881D6 /* Base */,
			);
			name = LaunchScreen.xib;
			sourceTree = "<group>";
		};
/* End PBXVariantGroup section */

/* Begin XCBuildConfiguration section */
		4618701219ECBFE6008881D6 /* Debug */ = {
			isa = XCBuildConfiguration;
			buildSettings = {
				ALWAYS_SEARCH_USER_PATHS = NO;
				CLANG_CXX_LANGUAGE_STANDARD = "gnu++0x";
				CLANG_CXX_LIBRARY = "libc++";
				CLANG_ENABLE_MODULES = YES;
				CLANG_ENABLE_OBJC_ARC = YES;
				CLANG_WARN_BOOL_CONVERSION = YES;
				CLANG_WARN_CONSTANT_CONVERSION = YES;
				CLANG_WARN_DIRECT_OBJC_ISA_USAGE = YES_ERROR;
				CLANG_WARN_EMPTY_BODY = YES;
				CLANG_WARN_ENUM_CONVERSION = YES;
				CLANG_WARN_INT_CONVERSION = YES;
				CLANG_WARN_OBJC_ROOT_CLASS = YES_ERROR;
				CLANG_WARN_UNREACHABLE_CODE = YES;
				CLANG_WARN__DUPLICATE_METHOD_MATCH = YES;
				"CODE_SIGN_IDENTITY[sdk=iphoneos*]" = "iPhone Developer";
				COPY_PHASE_STRIP = NO;
				ENABLE_STRICT_OBJC_MSGSEND = YES;
				ENABLE_TESTABILITY = YES;
				GCC_C_LANGUAGE_STANDARD = gnu99;
				GCC_DYNAMIC_NO_PIC = NO;
				GCC_OPTIMIZATION_LEVEL = 0;
				GCC_PREPROCESSOR_DEFINITIONS = (
					"DEBUG=1",
					"$(inherited)",
				);
				GCC_SYMBOLS_PRIVATE_EXTERN = NO;
				GCC_WARN_64_TO_32_BIT_CONVERSION = YES;
				GCC_WARN_ABOUT_RETURN_TYPE = YES_ERROR;
				GCC_WARN_UNDECLARED_SELECTOR = YES;
				GCC_WARN_UNINITIALIZED_AUTOS = YES_AGGRESSIVE;
				GCC_WARN_UNUSED_FUNCTION = YES;
				GCC_WARN_UNUSED_VARIABLE = YES;
				IPHONEOS_DEPLOYMENT_TARGET = 8.0;
				MTL_ENABLE_DEBUG_INFO = YES;
				ONLY_ACTIVE_ARCH = YES;
				SDKROOT = iphoneos;
				TARGETED_DEVICE_FAMILY = 2;
			};
			name = Debug;
		};
		4618701319ECBFE6008881D6 /* Release */ = {
			isa = XCBuildConfiguration;
			buildSettings = {
				ALWAYS_SEARCH_USER_PATHS = NO;
				CLANG_CXX_LANGUAGE_STANDARD = "gnu++0x";
				CLANG_CXX_LIBRARY = "libc++";
				CLANG_ENABLE_MODULES = YES;
				CLANG_ENABLE_OBJC_ARC = YES;
				CLANG_WARN_BOOL_CONVERSION = YES;
				CLANG_WARN_CONSTANT_CONVERSION = YES;
				CLANG_WARN_DIRECT_OBJC_ISA_USAGE = YES_ERROR;
				CLANG_WARN_EMPTY_BODY = YES;
				CLANG_WARN_ENUM_CONVERSION = YES;
				CLANG_WARN_INT_CONVERSION = YES;
				CLANG_WARN_OBJC_ROOT_CLASS = YES_ERROR;
				CLANG_WARN_UNREACHABLE_CODE = YES;
				CLANG_WARN__DUPLICATE_METHOD_MATCH = YES;
				"CODE_SIGN_IDENTITY[sdk=iphoneos*]" = "iPhone Developer";
				COPY_PHASE_STRIP = YES;
				ENABLE_NS_ASSERTIONS = NO;
				ENABLE_STRICT_OBJC_MSGSEND = YES;
				GCC_C_LANGUAGE_STANDARD = gnu99;
				GCC_WARN_64_TO_32_BIT_CONVERSION = YES;
				GCC_WARN_ABOUT_RETURN_TYPE = YES_ERROR;
				GCC_WARN_UNDECLARED_SELECTOR = YES;
				GCC_WARN_UNINITIALIZED_AUTOS = YES_AGGRESSIVE;
				GCC_WARN_UNUSED_FUNCTION = YES;
				GCC_WARN_UNUSED_VARIABLE = YES;
				IPHONEOS_DEPLOYMENT_TARGET = 8.0;
				MTL_ENABLE_DEBUG_INFO = NO;
				SDKROOT = iphoneos;
				TARGETED_DEVICE_FAMILY = 2;
				VALIDATE_PRODUCT = YES;
			};
			name = Release;
		};
		4618701519ECBFE6008881D6 /* Debug */ = {
			isa = XCBuildConfiguration;
			buildSettings = {
				ASSETCATALOG_COMPILER_APPICON_NAME = AppIcon;
				INFOPLIST_FILE = faceDetecting/Info.plist;
				IPHONEOS_DEPLOYMENT_TARGET = 8.0;
				LD_RUNPATH_SEARCH_PATHS = "$(inherited) @executable_path/Frameworks";
				PRODUCT_BUNDLE_IDENTIFIER = "com.softtechvn.$(PRODUCT_NAME:rfc1034identifier)";
				PRODUCT_NAME = "$(TARGET_NAME)";
				TARGETED_DEVICE_FAMILY = "1,2";
			};
			name = Debug;
		};
		4618701619ECBFE6008881D6 /* Release */ = {
			isa = XCBuildConfiguration;
			buildSettings = {
				ASSETCATALOG_COMPILER_APPICON_NAME = AppIcon;
				INFOPLIST_FILE = faceDetecting/Info.plist;
				IPHONEOS_DEPLOYMENT_TARGET = 8.0;
				LD_RUNPATH_SEARCH_PATHS = "$(inherited) @executable_path/Frameworks";
				PRODUCT_BUNDLE_IDENTIFIER = "com.softtechvn.$(PRODUCT_NAME:rfc1034identifier)";
				PRODUCT_NAME = "$(TARGET_NAME)";
				TARGETED_DEVICE_FAMILY = "1,2";
			};
			name = Release;
		};
		4618701819ECBFE6008881D6 /* Debug */ = {
			isa = XCBuildConfiguration;
			buildSettings = {
				BUNDLE_LOADER = "$(TEST_HOST)";
				FRAMEWORK_SEARCH_PATHS = (
					"$(SDKROOT)/Developer/Library/Frameworks",
					"$(inherited)",
				);
				GCC_PREPROCESSOR_DEFINITIONS = (
					"DEBUG=1",
					"$(inherited)",
				);
				INFOPLIST_FILE = faceDetectingTests/Info.plist;
				LD_RUNPATH_SEARCH_PATHS = "$(inherited) @executable_path/Frameworks @loader_path/Frameworks";
				PRODUCT_BUNDLE_IDENTIFIER = "com.softtechvn.$(PRODUCT_NAME:rfc1034identifier)";
				PRODUCT_NAME = "$(TARGET_NAME)";
				TEST_HOST = "$(BUILT_PRODUCTS_DIR)/faceDetecting.app/faceDetecting";
			};
			name = Debug;
		};
		4618701919ECBFE6008881D6 /* Release */ = {
			isa = XCBuildConfiguration;
			buildSettings = {
				BUNDLE_LOADER = "$(TEST_HOST)";
				FRAMEWORK_SEARCH_PATHS = (
					"$(SDKROOT)/Developer/Library/Frameworks",
					"$(inherited)",
				);
				INFOPLIST_FILE = faceDetectingTests/Info.plist;
				LD_RUNPATH_SEARCH_PATHS = "$(inherited) @executable_path/Frameworks @loader_path/Frameworks";
				PRODUCT_BUNDLE_IDENTIFIER = "com.softtechvn.$(PRODUCT_NAME:rfc1034identifier)";
				PRODUCT_NAME = "$(TARGET_NAME)";
				TEST_HOST = "$(BUILT_PRODUCTS_DIR)/faceDetecting.app/faceDetecting";
			};
			name = Release;
		};
/* End XCBuildConfiguration section */

/* Begin XCConfigurationList section */
		46186FEC19ECBFE6008881D6 /* Build configuration list for PBXProject "faceDetecting" */ = {
			isa = XCConfigurationList;
			buildConfigurations = (
				4618701219ECBFE6008881D6 /* Debug */,
				4618701319ECBFE6008881D6 /* Release */,
			);
			defaultConfigurationIsVisible = 0;
			defaultConfigurationName = Release;
		};
		4618701419ECBFE6008881D6 /* Build configuration list for PBXNativeTarget "faceDetecting" */ = {
			isa = XCConfigurationList;
			buildConfigurations = (
				4618701519ECBFE6008881D6 /* Debug */,
				4618701619ECBFE6008881D6 /* Release */,
			);
			defaultConfigurationIsVisible = 0;
			defaultConfigurationName = Release;
		};
		4618701719ECBFE6008881D6 /* Build configuration list for PBXNativeTarget "faceDetectingTests" */ = {
			isa = XCConfigurationList;
			buildConfigurations = (
				4618701819ECBFE6008881D6 /* Debug */,
				4618701919ECBFE6008881D6 /* Release */,
			);
			defaultConfigurationIsVisible = 0;
			defaultConfigurationName = Release;
		};
/* End XCConfigurationList section */
	};
	rootObject = 46186FE919ECBFE6008881D6 /* Project object */;
}
